// !$*UTF8*$!
{
	archiveVersion = 1;
	classes = {
	};
	objectVersion = 56;
	objects = {

/* Begin PBXBuildFile section */
		B90AAEF32C653FA30000AAB3 /* UITests.swift in Sources */ = {isa = PBXBuildFile; fileRef = B90AAEF22C653FA30000AAB3 /* UITests.swift */; };
		B9146BA12C68A53D00EBE28A /* ContentUnavailable.swift in Sources */ = {isa = PBXBuildFile; fileRef = B9146BA02C68A53D00EBE28A /* ContentUnavailable.swift */; };
		B94371742C64759400CA23A6 /* AlphabetIndexView.swift in Sources */ = {isa = PBXBuildFile; fileRef = B94371732C64759400CA23A6 /* AlphabetIndexView.swift */; };
		B96061242C63C08C00EE263B /* ContactAppApp.swift in Sources */ = {isa = PBXBuildFile; fileRef = B96061232C63C08C00EE263B /* ContactAppApp.swift */; };
		B96061262C63C08C00EE263B /* HomeView.swift in Sources */ = {isa = PBXBuildFile; fileRef = B96061252C63C08C00EE263B /* HomeView.swift */; };
		B96061282C63C08E00EE263B /* Assets.xcassets in Resources */ = {isa = PBXBuildFile; fileRef = B96061272C63C08E00EE263B /* Assets.xcassets */; };
		B960612B2C63C08E00EE263B /* Preview Assets.xcassets in Resources */ = {isa = PBXBuildFile; fileRef = B960612A2C63C08E00EE263B /* Preview Assets.xcassets */; };
		B960613F2C63C08E00EE263B /* ContactAppUITests.swift in Sources */ = {isa = PBXBuildFile; fileRef = B960613E2C63C08E00EE263B /* ContactAppUITests.swift */; };
		B96061412C63C08E00EE263B /* ContactAppUITestsLaunchTests.swift in Sources */ = {isa = PBXBuildFile; fileRef = B96061402C63C08E00EE263B /* ContactAppUITestsLaunchTests.swift */; };
		B96061522C63DE4500EE263B /* Contact.swift in Sources */ = {isa = PBXBuildFile; fileRef = B96061512C63DE4400EE263B /* Contact.swift */; };
		B96061542C63E1CB00EE263B /* ContactViewModel.swift in Sources */ = {isa = PBXBuildFile; fileRef = B96061532C63E1CB00EE263B /* ContactViewModel.swift */; };
		B960615B2C63F46F00EE263B /* ContactDetailView.swift in Sources */ = {isa = PBXBuildFile; fileRef = B960615A2C63F46F00EE263B /* ContactDetailView.swift */; };
		B960615D2C63F48E00EE263B /* EditContactView.swift in Sources */ = {isa = PBXBuildFile; fileRef = B960615C2C63F48E00EE263B /* EditContactView.swift */; };
		B960615F2C63F4ED00EE263B /* AddContactView.swift in Sources */ = {isa = PBXBuildFile; fileRef = B960615E2C63F4ED00EE263B /* AddContactView.swift */; };
		B964DF3B2C64F3FE00490DA8 /* ModelTests.swift in Sources */ = {isa = PBXBuildFile; fileRef = B964DF3A2C64F3FE00490DA8 /* ModelTests.swift */; };
		B964DF3D2C64FAB000490DA8 /* ContactAppTests.swift in Sources */ = {isa = PBXBuildFile; fileRef = B964DF3C2C64FAB000490DA8 /* ContactAppTests.swift */; };
/* End PBXBuildFile section */

/* Begin PBXContainerItemProxy section */
		B96061312C63C08E00EE263B /* PBXContainerItemProxy */ = {
			isa = PBXContainerItemProxy;
			containerPortal = B96061182C63C08C00EE263B /* Project object */;
			proxyType = 1;
			remoteGlobalIDString = B960611F2C63C08C00EE263B;
			remoteInfo = ContactApp;
		};
		B960613B2C63C08E00EE263B /* PBXContainerItemProxy */ = {
			isa = PBXContainerItemProxy;
			containerPortal = B96061182C63C08C00EE263B /* Project object */;
			proxyType = 1;
			remoteGlobalIDString = B960611F2C63C08C00EE263B;
			remoteInfo = ContactApp;
		};
/* End PBXContainerItemProxy section */

/* Begin PBXFileReference section */
		B90AAEF22C653FA30000AAB3 /* UITests.swift */ = {isa = PBXFileReference; lastKnownFileType = sourcecode.swift; path = UITests.swift; sourceTree = "<group>"; };
		B9146BA02C68A53D00EBE28A /* ContentUnavailable.swift */ = {isa = PBXFileReference; lastKnownFileType = sourcecode.swift; path = ContentUnavailable.swift; sourceTree = "<group>"; };
		B94371732C64759400CA23A6 /* AlphabetIndexView.swift */ = {isa = PBXFileReference; lastKnownFileType = sourcecode.swift; path = AlphabetIndexView.swift; sourceTree = "<group>"; };
		B96061202C63C08C00EE263B /* ContactApp.app */ = {isa = PBXFileReference; explicitFileType = wrapper.application; includeInIndex = 0; path = ContactApp.app; sourceTree = BUILT_PRODUCTS_DIR; };
		B96061232C63C08C00EE263B /* ContactAppApp.swift */ = {isa = PBXFileReference; lastKnownFileType = sourcecode.swift; path = ContactAppApp.swift; sourceTree = "<group>"; };
		B96061252C63C08C00EE263B /* HomeView.swift */ = {isa = PBXFileReference; lastKnownFileType = sourcecode.swift; path = HomeView.swift; sourceTree = "<group>"; };
		B96061272C63C08E00EE263B /* Assets.xcassets */ = {isa = PBXFileReference; lastKnownFileType = folder.assetcatalog; path = Assets.xcassets; sourceTree = "<group>"; };
		B960612A2C63C08E00EE263B /* Preview Assets.xcassets */ = {isa = PBXFileReference; lastKnownFileType = folder.assetcatalog; path = "Preview Assets.xcassets"; sourceTree = "<group>"; };
		B96061302C63C08E00EE263B /* ContactAppTests.xctest */ = {isa = PBXFileReference; explicitFileType = wrapper.cfbundle; includeInIndex = 0; path = ContactAppTests.xctest; sourceTree = BUILT_PRODUCTS_DIR; };
		B960613A2C63C08E00EE263B /* ContactAppUITests.xctest */ = {isa = PBXFileReference; explicitFileType = wrapper.cfbundle; includeInIndex = 0; path = ContactAppUITests.xctest; sourceTree = BUILT_PRODUCTS_DIR; };
		B960613E2C63C08E00EE263B /* ContactAppUITests.swift */ = {isa = PBXFileReference; lastKnownFileType = sourcecode.swift; path = ContactAppUITests.swift; sourceTree = "<group>"; };
		B96061402C63C08E00EE263B /* ContactAppUITestsLaunchTests.swift */ = {isa = PBXFileReference; lastKnownFileType = sourcecode.swift; path = ContactAppUITestsLaunchTests.swift; sourceTree = "<group>"; };
		B96061512C63DE4400EE263B /* Contact.swift */ = {isa = PBXFileReference; lastKnownFileType = sourcecode.swift; path = Contact.swift; sourceTree = "<group>"; };
		B96061532C63E1CB00EE263B /* ContactViewModel.swift */ = {isa = PBXFileReference; lastKnownFileType = sourcecode.swift; path = ContactViewModel.swift; sourceTree = "<group>"; };
		B960615A2C63F46F00EE263B /* ContactDetailView.swift */ = {isa = PBXFileReference; lastKnownFileType = sourcecode.swift; path = ContactDetailView.swift; sourceTree = "<group>"; };
		B960615C2C63F48E00EE263B /* EditContactView.swift */ = {isa = PBXFileReference; lastKnownFileType = sourcecode.swift; path = EditContactView.swift; sourceTree = "<group>"; };
		B960615E2C63F4ED00EE263B /* AddContactView.swift */ = {isa = PBXFileReference; lastKnownFileType = sourcecode.swift; path = AddContactView.swift; sourceTree = "<group>"; };
		B964DF3A2C64F3FE00490DA8 /* ModelTests.swift */ = {isa = PBXFileReference; lastKnownFileType = sourcecode.swift; path = ModelTests.swift; sourceTree = "<group>"; };
		B964DF3C2C64FAB000490DA8 /* ContactAppTests.swift */ = {isa = PBXFileReference; lastKnownFileType = sourcecode.swift; path = ContactAppTests.swift; sourceTree = "<group>"; };
/* End PBXFileReference section */

/* Begin PBXFrameworksBuildPhase section */
		B960611D2C63C08C00EE263B /* Frameworks */ = {
			isa = PBXFrameworksBuildPhase;
			buildActionMask = 2147483647;
			files = (
			);
			runOnlyForDeploymentPostprocessing = 0;
		};
		B960612D2C63C08E00EE263B /* Frameworks */ = {
			isa = PBXFrameworksBuildPhase;
			buildActionMask = 2147483647;
			files = (
			);
			runOnlyForDeploymentPostprocessing = 0;
		};
		B96061372C63C08E00EE263B /* Frameworks */ = {
			isa = PBXFrameworksBuildPhase;
			buildActionMask = 2147483647;
			files = (
			);
			runOnlyForDeploymentPostprocessing = 0;
		};
/* End PBXFrameworksBuildPhase section */

/* Begin PBXGroup section */
		B9146B9F2C68A52700EBE28A /* Component */ = {
			isa = PBXGroup;
			children = (
				B9146BA02C68A53D00EBE28A /* ContentUnavailable.swift */,
			);
			path = Component;
			sourceTree = "<group>";
		};
		B96061172C63C08C00EE263B = {
			isa = PBXGroup;
			children = (
				B96061222C63C08C00EE263B /* ContactApp */,
				B96061332C63C08E00EE263B /* ContactAppTests */,
				B960613D2C63C08E00EE263B /* ContactAppUITests */,
				B96061212C63C08C00EE263B /* Products */,
			);
			sourceTree = "<group>";
		};
		B96061212C63C08C00EE263B /* Products */ = {
			isa = PBXGroup;
			children = (
				B96061202C63C08C00EE263B /* ContactApp.app */,
				B96061302C63C08E00EE263B /* ContactAppTests.xctest */,
				B960613A2C63C08E00EE263B /* ContactAppUITests.xctest */,
			);
			name = Products;
			sourceTree = "<group>";
		};
		B96061222C63C08C00EE263B /* ContactApp */ = {
			isa = PBXGroup;
			children = (
				B96061232C63C08C00EE263B /* ContactAppApp.swift */,
				B960614D2C63C39400EE263B /* Model */,
				B960614F2C63C3EA00EE263B /* ViewModel */,
				B96061502C63C42F00EE263B /* View */,
				B96061272C63C08E00EE263B /* Assets.xcassets */,
				B96061292C63C08E00EE263B /* Preview Content */,
			);
			path = ContactApp;
			sourceTree = "<group>";
		};
		B96061292C63C08E00EE263B /* Preview Content */ = {
			isa = PBXGroup;
			children = (
				B960612A2C63C08E00EE263B /* Preview Assets.xcassets */,
			);
			path = "Preview Content";
			sourceTree = "<group>";
		};
		B96061332C63C08E00EE263B /* ContactAppTests */ = {
			isa = PBXGroup;
			children = (
				B964DF3C2C64FAB000490DA8 /* ContactAppTests.swift */,
				B964DF3A2C64F3FE00490DA8 /* ModelTests.swift */,
			);
			path = ContactAppTests;
			sourceTree = "<group>";
		};
		B960613D2C63C08E00EE263B /* ContactAppUITests */ = {
			isa = PBXGroup;
			children = (
				B960613E2C63C08E00EE263B /* ContactAppUITests.swift */,
				B96061402C63C08E00EE263B /* ContactAppUITestsLaunchTests.swift */,
				B90AAEF22C653FA30000AAB3 /* UITests.swift */,
			);
			path = ContactAppUITests;
			sourceTree = "<group>";
		};
		B960614D2C63C39400EE263B /* Model */ = {
			isa = PBXGroup;
			children = (
				B96061512C63DE4400EE263B /* Contact.swift */,
			);
			path = Model;
			sourceTree = "<group>";
		};
		B960614F2C63C3EA00EE263B /* ViewModel */ = {
			isa = PBXGroup;
			children = (
				B96061532C63E1CB00EE263B /* ContactViewModel.swift */,
			);
			path = ViewModel;
			sourceTree = "<group>";
		};
		B96061502C63C42F00EE263B /* View */ = {
			isa = PBXGroup;
			children = (
				B9146B9F2C68A52700EBE28A /* Component */,
				B96061552C63E1EF00EE263B /* Home */,
				B96061562C63E1FD00EE263B /* ContactDetail */,
				B96061572C63E21900EE263B /* EditContact */,
				B96061592C63E2B700EE263B /* AddContact */,
			);
			path = View;
			sourceTree = "<group>";
		};
		B96061552C63E1EF00EE263B /* Home */ = {
			isa = PBXGroup;
			children = (
				B96061252C63C08C00EE263B /* HomeView.swift */,
				B94371732C64759400CA23A6 /* AlphabetIndexView.swift */,
			);
			path = Home;
			sourceTree = "<group>";
		};
		B96061562C63E1FD00EE263B /* ContactDetail */ = {
			isa = PBXGroup;
			children = (
				B960615A2C63F46F00EE263B /* ContactDetailView.swift */,
			);
			path = ContactDetail;
			sourceTree = "<group>";
		};
		B96061572C63E21900EE263B /* EditContact */ = {
			isa = PBXGroup;
			children = (
				B960615C2C63F48E00EE263B /* EditContactView.swift */,
			);
			path = EditContact;
			sourceTree = "<group>";
		};
		B96061592C63E2B700EE263B /* AddContact */ = {
			isa = PBXGroup;
			children = (
				B960615E2C63F4ED00EE263B /* AddContactView.swift */,
			);
			path = AddContact;
			sourceTree = "<group>";
		};
/* End PBXGroup section */

/* Begin PBXNativeTarget section */
		B960611F2C63C08C00EE263B /* ContactApp */ = {
			isa = PBXNativeTarget;
			buildConfigurationList = B96061442C63C08E00EE263B /* Build configuration list for PBXNativeTarget "ContactApp" */;
			buildPhases = (
				B960611C2C63C08C00EE263B /* Sources */,
				B960611D2C63C08C00EE263B /* Frameworks */,
				B960611E2C63C08C00EE263B /* Resources */,
			);
			buildRules = (
			);
			dependencies = (
			);
			name = ContactApp;
			productName = ContactApp;
			productReference = B96061202C63C08C00EE263B /* ContactApp.app */;
			productType = "com.apple.product-type.application";
		};
		B960612F2C63C08E00EE263B /* ContactAppTests */ = {
			isa = PBXNativeTarget;
			buildConfigurationList = B96061472C63C08E00EE263B /* Build configuration list for PBXNativeTarget "ContactAppTests" */;
			buildPhases = (
				B960612C2C63C08E00EE263B /* Sources */,
				B960612D2C63C08E00EE263B /* Frameworks */,
				B960612E2C63C08E00EE263B /* Resources */,
			);
			buildRules = (
			);
			dependencies = (
				B96061322C63C08E00EE263B /* PBXTargetDependency */,
			);
			name = ContactAppTests;
			productName = ContactAppTests;
			productReference = B96061302C63C08E00EE263B /* ContactAppTests.xctest */;
			productType = "com.apple.product-type.bundle.unit-test";
		};
		B96061392C63C08E00EE263B /* ContactAppUITests */ = {
			isa = PBXNativeTarget;
			buildConfigurationList = B960614A2C63C08E00EE263B /* Build configuration list for PBXNativeTarget "ContactAppUITests" */;
			buildPhases = (
				B96061362C63C08E00EE263B /* Sources */,
				B96061372C63C08E00EE263B /* Frameworks */,
				B96061382C63C08E00EE263B /* Resources */,
			);
			buildRules = (
			);
			dependencies = (
				B960613C2C63C08E00EE263B /* PBXTargetDependency */,
			);
			name = ContactAppUITests;
			productName = ContactAppUITests;
			productReference = B960613A2C63C08E00EE263B /* ContactAppUITests.xctest */;
			productType = "com.apple.product-type.bundle.ui-testing";
		};
/* End PBXNativeTarget section */

/* Begin PBXProject section */
		B96061182C63C08C00EE263B /* Project object */ = {
			isa = PBXProject;
			attributes = {
				BuildIndependentTargetsInParallel = 1;
				LastSwiftUpdateCheck = 1540;
				LastUpgradeCheck = 1540;
				TargetAttributes = {
					B960611F2C63C08C00EE263B = {
						CreatedOnToolsVersion = 15.4;
					};
					B960612F2C63C08E00EE263B = {
						CreatedOnToolsVersion = 15.4;
						TestTargetID = B960611F2C63C08C00EE263B;
					};
					B96061392C63C08E00EE263B = {
						CreatedOnToolsVersion = 15.4;
						TestTargetID = B960611F2C63C08C00EE263B;
					};
				};
			};
			buildConfigurationList = B960611B2C63C08C00EE263B /* Build configuration list for PBXProject "ContactApp" */;
			compatibilityVersion = "Xcode 14.0";
			developmentRegion = en;
			hasScannedForEncodings = 0;
			knownRegions = (
				en,
				Base,
			);
			mainGroup = B96061172C63C08C00EE263B;
			productRefGroup = B96061212C63C08C00EE263B /* Products */;
			projectDirPath = "";
			projectRoot = "";
			targets = (
				B960611F2C63C08C00EE263B /* ContactApp */,
				B960612F2C63C08E00EE263B /* ContactAppTests */,
				B96061392C63C08E00EE263B /* ContactAppUITests */,
			);
		};
/* End PBXProject section */

/* Begin PBXResourcesBuildPhase section */
		B960611E2C63C08C00EE263B /* Resources */ = {
			isa = PBXResourcesBuildPhase;
			buildActionMask = 2147483647;
			files = (
				B960612B2C63C08E00EE263B /* Preview Assets.xcassets in Resources */,
				B96061282C63C08E00EE263B /* Assets.xcassets in Resources */,
			);
			runOnlyForDeploymentPostprocessing = 0;
		};
		B960612E2C63C08E00EE263B /* Resources */ = {
			isa = PBXResourcesBuildPhase;
			buildActionMask = 2147483647;
			files = (
			);
			runOnlyForDeploymentPostprocessing = 0;
		};
		B96061382C63C08E00EE263B /* Resources */ = {
			isa = PBXResourcesBuildPhase;
			buildActionMask = 2147483647;
			files = (
			);
			runOnlyForDeploymentPostprocessing = 0;
		};
/* End PBXResourcesBuildPhase section */

/* Begin PBXSourcesBuildPhase section */
		B960611C2C63C08C00EE263B /* Sources */ = {
			isa = PBXSourcesBuildPhase;
			buildActionMask = 2147483647;
			files = (
				B96061522C63DE4500EE263B /* Contact.swift in Sources */,
				B96061542C63E1CB00EE263B /* ContactViewModel.swift in Sources */,
				B96061262C63C08C00EE263B /* HomeView.swift in Sources */,
				B96061242C63C08C00EE263B /* ContactAppApp.swift in Sources */,
				B960615B2C63F46F00EE263B /* ContactDetailView.swift in Sources */,
				B9146BA12C68A53D00EBE28A /* ContentUnavailable.swift in Sources */,
				B960615F2C63F4ED00EE263B /* AddContactView.swift in Sources */,
				B94371742C64759400CA23A6 /* AlphabetIndexView.swift in Sources */,
				B960615D2C63F48E00EE263B /* EditContactView.swift in Sources */,
			);
			runOnlyForDeploymentPostprocessing = 0;
		};
		B960612C2C63C08E00EE263B /* Sources */ = {
			isa = PBXSourcesBuildPhase;
			buildActionMask = 2147483647;
			files = (
				B964DF3B2C64F3FE00490DA8 /* ModelTests.swift in Sources */,
				B964DF3D2C64FAB000490DA8 /* ContactAppTests.swift in Sources */,
			);
			runOnlyForDeploymentPostprocessing = 0;
		};
		B96061362C63C08E00EE263B /* Sources */ = {
			isa = PBXSourcesBuildPhase;
			buildActionMask = 2147483647;
			files = (
				B960613F2C63C08E00EE263B /* ContactAppUITests.swift in Sources */,
				B90AAEF32C653FA30000AAB3 /* UITests.swift in Sources */,
				B96061412C63C08E00EE263B /* ContactAppUITestsLaunchTests.swift in Sources */,
			);
			runOnlyForDeploymentPostprocessing = 0;
		};
/* End PBXSourcesBuildPhase section */

/* Begin PBXTargetDependency section */
		B96061322C63C08E00EE263B /* PBXTargetDependency */ = {
			isa = PBXTargetDependency;
			target = B960611F2C63C08C00EE263B /* ContactApp */;
			targetProxy = B96061312C63C08E00EE263B /* PBXContainerItemProxy */;
		};
		B960613C2C63C08E00EE263B /* PBXTargetDependency */ = {
			isa = PBXTargetDependency;
			target = B960611F2C63C08C00EE263B /* ContactApp */;
			targetProxy = B960613B2C63C08E00EE263B /* PBXContainerItemProxy */;
		};
/* End PBXTargetDependency section */

/* Begin XCBuildConfiguration section */
		B96061422C63C08E00EE263B /* Debug */ = {
			isa = XCBuildConfiguration;
			buildSettings = {
				ALWAYS_SEARCH_USER_PATHS = NO;
				ASSETCATALOG_COMPILER_GENERATE_SWIFT_ASSET_SYMBOL_EXTENSIONS = YES;
				CLANG_ANALYZER_NONNULL = YES;
				CLANG_ANALYZER_NUMBER_OBJECT_CONVERSION = YES_AGGRESSIVE;
				CLANG_CXX_LANGUAGE_STANDARD = "gnu++20";
				CLANG_ENABLE_MODULES = YES;
				CLANG_ENABLE_OBJC_ARC = YES;
				CLANG_ENABLE_OBJC_WEAK = YES;
				CLANG_WARN_BLOCK_CAPTURE_AUTORELEASING = YES;
				CLANG_WARN_BOOL_CONVERSION = YES;
				CLANG_WARN_COMMA = YES;
				CLANG_WARN_CONSTANT_CONVERSION = YES;
				CLANG_WARN_DEPRECATED_OBJC_IMPLEMENTATIONS = YES;
				CLANG_WARN_DIRECT_OBJC_ISA_USAGE = YES_ERROR;
				CLANG_WARN_DOCUMENTATION_COMMENTS = YES;
				CLANG_WARN_EMPTY_BODY = YES;
				CLANG_WARN_ENUM_CONVERSION = YES;
				CLANG_WARN_INFINITE_RECURSION = YES;
				CLANG_WARN_INT_CONVERSION = YES;
				CLANG_WARN_NON_LITERAL_NULL_CONVERSION = YES;
				CLANG_WARN_OBJC_IMPLICIT_RETAIN_SELF = YES;
				CLANG_WARN_OBJC_LITERAL_CONVERSION = YES;
				CLANG_WARN_OBJC_ROOT_CLASS = YES_ERROR;
				CLANG_WARN_QUOTED_INCLUDE_IN_FRAMEWORK_HEADER = YES;
				CLANG_WARN_RANGE_LOOP_ANALYSIS = YES;
				CLANG_WARN_STRICT_PROTOTYPES = YES;
				CLANG_WARN_SUSPICIOUS_MOVE = YES;
				CLANG_WARN_UNGUARDED_AVAILABILITY = YES_AGGRESSIVE;
				CLANG_WARN_UNREACHABLE_CODE = YES;
				CLANG_WARN__DUPLICATE_METHOD_MATCH = YES;
				COPY_PHASE_STRIP = NO;
				DEBUG_INFORMATION_FORMAT = dwarf;
				ENABLE_STRICT_OBJC_MSGSEND = YES;
				ENABLE_TESTABILITY = YES;
				ENABLE_USER_SCRIPT_SANDBOXING = YES;
				GCC_C_LANGUAGE_STANDARD = gnu17;
				GCC_DYNAMIC_NO_PIC = NO;
				GCC_NO_COMMON_BLOCKS = YES;
				GCC_OPTIMIZATION_LEVEL = 0;
				GCC_PREPROCESSOR_DEFINITIONS = (
					"DEBUG=1",
					"$(inherited)",
				);
				GCC_WARN_64_TO_32_BIT_CONVERSION = YES;
				GCC_WARN_ABOUT_RETURN_TYPE = YES_ERROR;
				GCC_WARN_UNDECLARED_SELECTOR = YES;
				GCC_WARN_UNINITIALIZED_AUTOS = YES_AGGRESSIVE;
				GCC_WARN_UNUSED_FUNCTION = YES;
				GCC_WARN_UNUSED_VARIABLE = YES;
				IPHONEOS_DEPLOYMENT_TARGET = 17.5;
				LOCALIZATION_PREFERS_STRING_CATALOGS = YES;
				MTL_ENABLE_DEBUG_INFO = INCLUDE_SOURCE;
				MTL_FAST_MATH = YES;
				ONLY_ACTIVE_ARCH = YES;
				SDKROOT = iphoneos;
				SWIFT_ACTIVE_COMPILATION_CONDITIONS = "DEBUG $(inherited)";
				SWIFT_OPTIMIZATION_LEVEL = "-Onone";
			};
			name = Debug;
		};
		B96061432C63C08E00EE263B /* Release */ = {
			isa = XCBuildConfiguration;
			buildSettings = {
				ALWAYS_SEARCH_USER_PATHS = NO;
				ASSETCATALOG_COMPILER_GENERATE_SWIFT_ASSET_SYMBOL_EXTENSIONS = YES;
				CLANG_ANALYZER_NONNULL = YES;
				CLANG_ANALYZER_NUMBER_OBJECT_CONVERSION = YES_AGGRESSIVE;
				CLANG_CXX_LANGUAGE_STANDARD = "gnu++20";
				CLANG_ENABLE_MODULES = YES;
				CLANG_ENABLE_OBJC_ARC = YES;
				CLANG_ENABLE_OBJC_WEAK = YES;
				CLANG_WARN_BLOCK_CAPTURE_AUTORELEASING = YES;
				CLANG_WARN_BOOL_CONVERSION = YES;
				CLANG_WARN_COMMA = YES;
				CLANG_WARN_CONSTANT_CONVERSION = YES;
				CLANG_WARN_DEPRECATED_OBJC_IMPLEMENTATIONS = YES;
				CLANG_WARN_DIRECT_OBJC_ISA_USAGE = YES_ERROR;
				CLANG_WARN_DOCUMENTATION_COMMENTS = YES;
				CLANG_WARN_EMPTY_BODY = YES;
				CLANG_WARN_ENUM_CONVERSION = YES;
				CLANG_WARN_INFINITE_RECURSION = YES;
				CLANG_WARN_INT_CONVERSION = YES;
				CLANG_WARN_NON_LITERAL_NULL_CONVERSION = YES;
				CLANG_WARN_OBJC_IMPLICIT_RETAIN_SELF = YES;
				CLANG_WARN_OBJC_LITERAL_CONVERSION = YES;
				CLANG_WARN_OBJC_ROOT_CLASS = YES_ERROR;
				CLANG_WARN_QUOTED_INCLUDE_IN_FRAMEWORK_HEADER = YES;
				CLANG_WARN_RANGE_LOOP_ANALYSIS = YES;
				CLANG_WARN_STRICT_PROTOTYPES = YES;
				CLANG_WARN_SUSPICIOUS_MOVE = YES;
				CLANG_WARN_UNGUARDED_AVAILABILITY = YES_AGGRESSIVE;
				CLANG_WARN_UNREACHABLE_CODE = YES;
				CLANG_WARN__DUPLICATE_METHOD_MATCH = YES;
				COPY_PHASE_STRIP = NO;
				DEBUG_INFORMATION_FORMAT = "dwarf-with-dsym";
				ENABLE_NS_ASSERTIONS = NO;
				ENABLE_STRICT_OBJC_MSGSEND = YES;
				ENABLE_USER_SCRIPT_SANDBOXING = YES;
				GCC_C_LANGUAGE_STANDARD = gnu17;
				GCC_NO_COMMON_BLOCKS = YES;
				GCC_WARN_64_TO_32_BIT_CONVERSION = YES;
				GCC_WARN_ABOUT_RETURN_TYPE = YES_ERROR;
				GCC_WARN_UNDECLARED_SELECTOR = YES;
				GCC_WARN_UNINITIALIZED_AUTOS = YES_AGGRESSIVE;
				GCC_WARN_UNUSED_FUNCTION = YES;
				GCC_WARN_UNUSED_VARIABLE = YES;
				IPHONEOS_DEPLOYMENT_TARGET = 17.5;
				LOCALIZATION_PREFERS_STRING_CATALOGS = YES;
				MTL_ENABLE_DEBUG_INFO = NO;
				MTL_FAST_MATH = YES;
				SDKROOT = iphoneos;
				SWIFT_COMPILATION_MODE = wholemodule;
				VALIDATE_PRODUCT = YES;
			};
			name = Release;
		};
		B96061452C63C08E00EE263B /* Debug */ = {
			isa = XCBuildConfiguration;
			buildSettings = {
				ASSETCATALOG_COMPILER_APPICON_NAME = AppIcon;
				ASSETCATALOG_COMPILER_GLOBAL_ACCENT_COLOR_NAME = AccentColor;
				CODE_SIGN_STYLE = Automatic;
				CURRENT_PROJECT_VERSION = 1;
				DEVELOPMENT_ASSET_PATHS = "\"ContactApp/Preview Content\"";
				ENABLE_PREVIEWS = YES;
				GENERATE_INFOPLIST_FILE = YES;
				INFOPLIST_KEY_UIApplicationSceneManifest_Generation = YES;
				INFOPLIST_KEY_UIApplicationSupportsIndirectInputEvents = YES;
				INFOPLIST_KEY_UILaunchScreen_Generation = YES;
				INFOPLIST_KEY_UISupportedInterfaceOrientations_iPad = "UIInterfaceOrientationPortrait UIInterfaceOrientationPortraitUpsideDown UIInterfaceOrientationLandscapeLeft UIInterfaceOrientationLandscapeRight";
				INFOPLIST_KEY_UISupportedInterfaceOrientations_iPhone = "UIInterfaceOrientationPortrait UIInterfaceOrientationLandscapeLeft UIInterfaceOrientationLandscapeRight";
				LD_RUNPATH_SEARCH_PATHS = (
					"$(inherited)",
					"@executable_path/Frameworks",
				);
				MARKETING_VERSION = 1.0;
				PRODUCT_BUNDLE_IDENTIFIER = example.ContactApp;
				PRODUCT_NAME = "$(TARGET_NAME)";
				SWIFT_EMIT_LOC_STRINGS = YES;
				SWIFT_VERSION = 5.0;
				TARGETED_DEVICE_FAMILY = "1,2";
			};
			name = Debug;
		};
		B96061462C63C08E00EE263B /* Release */ = {
			isa = XCBuildConfiguration;
			buildSettings = {
				ASSETCATALOG_COMPILER_APPICON_NAME = AppIcon;
				ASSETCATALOG_COMPILER_GLOBAL_ACCENT_COLOR_NAME = AccentColor;
				CODE_SIGN_STYLE = Automatic;
				CURRENT_PROJECT_VERSION = 1;
				DEVELOPMENT_ASSET_PATHS = "\"ContactApp/Preview Content\"";
				ENABLE_PREVIEWS = YES;
				GENERATE_INFOPLIST_FILE = YES;
				INFOPLIST_KEY_UIApplicationSceneManifest_Generation = YES;
				INFOPLIST_KEY_UIApplicationSupportsIndirectInputEvents = YES;
				INFOPLIST_KEY_UILaunchScreen_Generation = YES;
				INFOPLIST_KEY_UISupportedInterfaceOrientations_iPad = "UIInterfaceOrientationPortrait UIInterfaceOrientationPortraitUpsideDown UIInterfaceOrientationLandscapeLeft UIInterfaceOrientationLandscapeRight";
				INFOPLIST_KEY_UISupportedInterfaceOrientations_iPhone = "UIInterfaceOrientationPortrait UIInterfaceOrientationLandscapeLeft UIInterfaceOrientationLandscapeRight";
				LD_RUNPATH_SEARCH_PATHS = (
					"$(inherited)",
					"@executable_path/Frameworks",
				);
				MARKETING_VERSION = 1.0;
				PRODUCT_BUNDLE_IDENTIFIER = example.ContactApp;
				PRODUCT_NAME = "$(TARGET_NAME)";
				SWIFT_EMIT_LOC_STRINGS = YES;
				SWIFT_VERSION = 5.0;
				TARGETED_DEVICE_FAMILY = "1,2";
			};
			name = Release;
		};
		B96061482C63C08E00EE263B /* Debug */ = {
			isa = XCBuildConfiguration;
			buildSettings = {
				ALWAYS_EMBED_SWIFT_STANDARD_LIBRARIES = YES;
				BUNDLE_LOADER = "$(TEST_HOST)";
				CODE_SIGN_STYLE = Automatic;
				CURRENT_PROJECT_VERSION = 1;
				GENERATE_INFOPLIST_FILE = YES;
				IPHONEOS_DEPLOYMENT_TARGET = 17.5;
				MARKETING_VERSION = 1.0;
				PRODUCT_BUNDLE_IDENTIFIER = example.ContactAppTests;
				PRODUCT_NAME = "$(TARGET_NAME)";
				SWIFT_EMIT_LOC_STRINGS = NO;
				SWIFT_VERSION = 5.0;
				TARGETED_DEVICE_FAMILY = "1,2";
				TEST_HOST = "$(BUILT_PRODUCTS_DIR)/ContactApp.app/$(BUNDLE_EXECUTABLE_FOLDER_PATH)/ContactApp";
			};
			name = Debug;
		};
		B96061492C63C08E00EE263B /* Release */ = {
			isa = XCBuildConfiguration;
			buildSettings = {
				ALWAYS_EMBED_SWIFT_STANDARD_LIBRARIES = YES;
				BUNDLE_LOADER = "$(TEST_HOST)";
				CODE_SIGN_STYLE = Automatic;
				CURRENT_PROJECT_VERSION = 1;
				GENERATE_INFOPLIST_FILE = YES;
				IPHONEOS_DEPLOYMENT_TARGET = 17.5;
				MARKETING_VERSION = 1.0;
				PRODUCT_BUNDLE_IDENTIFIER = example.ContactAppTests;
				PRODUCT_NAME = "$(TARGET_NAME)";
				SWIFT_EMIT_LOC_STRINGS = NO;
				SWIFT_VERSION = 5.0;
				TARGETED_DEVICE_FAMILY = "1,2";
				TEST_HOST = "$(BUILT_PRODUCTS_DIR)/ContactApp.app/$(BUNDLE_EXECUTABLE_FOLDER_PATH)/ContactApp";
			};
			name = Release;
		};
		B960614B2C63C08E00EE263B /* Debug */ = {
			isa = XCBuildConfiguration;
			buildSettings = {
				ALWAYS_EMBED_SWIFT_STANDARD_LIBRARIES = YES;
				CODE_SIGN_STYLE = Automatic;
				CURRENT_PROJECT_VERSION = 1;
				GENERATE_INFOPLIST_FILE = YES;
				MARKETING_VERSION = 1.0;
				PRODUCT_BUNDLE_IDENTIFIER = example.ContactAppUITests;
				PRODUCT_NAME = "$(TARGET_NAME)";
				SWIFT_EMIT_LOC_STRINGS = NO;
				SWIFT_VERSION = 5.0;
				TARGETED_DEVICE_FAMILY = "1,2";
				TEST_TARGET_NAME = ContactApp;
			};
			name = Debug;
		};
		B960614C2C63C08E00EE263B /* Release */ = {
			isa = XCBuildConfiguration;
			buildSettings = {
				ALWAYS_EMBED_SWIFT_STANDARD_LIBRARIES = YES;
				CODE_SIGN_STYLE = Automatic;
				CURRENT_PROJECT_VERSION = 1;
				GENERATE_INFOPLIST_FILE = YES;
				MARKETING_VERSION = 1.0;
				PRODUCT_BUNDLE_IDENTIFIER = example.ContactAppUITests;
				PRODUCT_NAME = "$(TARGET_NAME)";
				SWIFT_EMIT_LOC_STRINGS = NO;
				SWIFT_VERSION = 5.0;
				TARGETED_DEVICE_FAMILY = "1,2";
				TEST_TARGET_NAME = ContactApp;
			};
			name = Release;
		};
/* End XCBuildConfiguration section */

/* Begin XCConfigurationList section */
		B960611B2C63C08C00EE263B /* Build configuration list for PBXProject "ContactApp" */ = {
			isa = XCConfigurationList;
			buildConfigurations = (
				B96061422C63C08E00EE263B /* Debug */,
				B96061432C63C08E00EE263B /* Release */,
			);
			defaultConfigurationIsVisible = 0;
			defaultConfigurationName = Release;
		};
		B96061442C63C08E00EE263B /* Build configuration list for PBXNativeTarget "ContactApp" */ = {
			isa = XCConfigurationList;
			buildConfigurations = (
				B96061452C63C08E00EE263B /* Debug */,
				B96061462C63C08E00EE263B /* Release */,
			);
			defaultConfigurationIsVisible = 0;
			defaultConfigurationName = Release;
		};
		B96061472C63C08E00EE263B /* Build configuration list for PBXNativeTarget "ContactAppTests" */ = {
			isa = XCConfigurationList;
			buildConfigurations = (
				B96061482C63C08E00EE263B /* Debug */,
				B96061492C63C08E00EE263B /* Release */,
			);
			defaultConfigurationIsVisible = 0;
			defaultConfigurationName = Release;
		};
		B960614A2C63C08E00EE263B /* Build configuration list for PBXNativeTarget "ContactAppUITests" */ = {
			isa = XCConfigurationList;
			buildConfigurations = (
				B960614B2C63C08E00EE263B /* Debug */,
				B960614C2C63C08E00EE263B /* Release */,
			);
			defaultConfigurationIsVisible = 0;
			defaultConfigurationName = Release;
		};
/* End XCConfigurationList section */
	};
	rootObject = B96061182C63C08C00EE263B /* Project object */;
}
